
Microsoft Visual Studio Solution File, Format Version 12.00
# Visual Studio Version 17
VisualStudioVersion = 17.7.34024.191
MinimumVisualStudioVersion = 10.0.40219.1
Project("{FAE04EC0-301F-11D3-BF4B-00C04F79EFBC}") = "TASKEYV5", "TASKEYV5\TASKEYV5.csproj", "{A0F9D664-6AF0-448B-83C7-29632883C9B5}"
EndProject
Global
	GlobalSection(SolutionConfigurationPlatforms) = preSolution
		Debug|Any CPU = Debug|Any CPU
		Release|Any CPU = Release|Any CPU
	EndGlobalSection
	GlobalSection(ProjectConfigurationPlatforms) = postSolution
		{A0F9D664-6AF0-448B-83C7-29632883C9B5}.Debug|Any CPU.ActiveCfg = Debug|Any CPU
		{A0F9D664-6AF0-448B-83C7-29632883C9B5}.Debug|Any CPU.Build.0 = Debug|Any CPU
		{A0F9D664-6AF0-448B-83C7-29632883C9B5}.Release|Any CPU.ActiveCfg = Release|Any CPU
		{A0F9D664-6AF0-448B-83C7-29632883C9B5}.Release|Any CPU.Build.0 = Release|Any CPU
	EndGlobalSection
	GlobalSection(SolutionProperties) = preSolution
		HideSolutionNode = FALSE
	EndGlobalSection
	GlobalSection(ExtensibilityGlobals) = postSolution
		SolutionGuid = {EEF7879B-9DE5-467A-B0F6-2FE891AA208D}
	EndGlobalSection
EndGlobal
